
Microsoft Visual Studio Solution File, Format Version 12.00
# Visual Studio 15
VisualStudioVersion = 15.0.27130.2036
MinimumVisualStudioVersion = 10.0.40219.1
Project("{FAE04EC0-301F-11D3-BF4B-00C04F79EFBC}") = "TeamRockStarsIT", "..\TeamRockStarsIT\TeamRockStarsIT.csproj", "{88F60A21-1C8E-44F5-A1A4-2A47C1BD3957}"
EndProject
Project("{9A19103F-16F7-4668-BE54-9A1E7A4F7556}") = "TRS_Logic", "TRS_Logic\TRS_Logic.csproj", "{490104B1-C2FF-4A00-A57C-788ACEEE4FD2}"
EndProject
Project("{9A19103F-16F7-4668-BE54-9A1E7A4F7556}") = "TRS_DAL", "TRS_DAL\TRS_DAL.csproj", "{F97C6163-B55A-49EA-8CE3-BC2011C61AB4}"
EndProject
Project("{9A19103F-16F7-4668-BE54-9A1E7A4F7556}") = "TRS_Domain", "TRS_Domain\TRS_Domain.csproj", "{D7A67C1A-33CD-4624-BC42-31209B5BDACA}"
EndProject
<<<<<<< HEAD
<<<<<<< HEAD
=======
>>>>>>> parent of e0c58a0... Merge branch 'master' of https://github.com/bwildeman/TeamRockstarsApplication2
Project("{FAE04EC0-301F-11D3-BF4B-00C04F79EFBC}") = "Server", "..\..\..\..\Desktop\ICT\Project1\Project1\Server\Server.csproj", "{DCF68EEE-D340-4530-ADC4-B2C2346EEA56}"
EndProject
=======
>>>>>>> parent of 8312520... Merge branch 'master' into F_GroepBeheer
Global
	GlobalSection(SolutionConfigurationPlatforms) = preSolution
		Debug|Any CPU = Debug|Any CPU
		Release|Any CPU = Release|Any CPU
	EndGlobalSection
	GlobalSection(ProjectConfigurationPlatforms) = postSolution
		{88F60A21-1C8E-44F5-A1A4-2A47C1BD3957}.Debug|Any CPU.ActiveCfg = Debug|Any CPU
		{88F60A21-1C8E-44F5-A1A4-2A47C1BD3957}.Debug|Any CPU.Build.0 = Debug|Any CPU
		{88F60A21-1C8E-44F5-A1A4-2A47C1BD3957}.Release|Any CPU.ActiveCfg = Release|Any CPU
		{88F60A21-1C8E-44F5-A1A4-2A47C1BD3957}.Release|Any CPU.Build.0 = Release|Any CPU
		{490104B1-C2FF-4A00-A57C-788ACEEE4FD2}.Debug|Any CPU.ActiveCfg = Debug|Any CPU
		{490104B1-C2FF-4A00-A57C-788ACEEE4FD2}.Debug|Any CPU.Build.0 = Debug|Any CPU
		{490104B1-C2FF-4A00-A57C-788ACEEE4FD2}.Release|Any CPU.ActiveCfg = Release|Any CPU
		{490104B1-C2FF-4A00-A57C-788ACEEE4FD2}.Release|Any CPU.Build.0 = Release|Any CPU
		{F97C6163-B55A-49EA-8CE3-BC2011C61AB4}.Debug|Any CPU.ActiveCfg = Debug|Any CPU
		{F97C6163-B55A-49EA-8CE3-BC2011C61AB4}.Debug|Any CPU.Build.0 = Debug|Any CPU
		{F97C6163-B55A-49EA-8CE3-BC2011C61AB4}.Release|Any CPU.ActiveCfg = Release|Any CPU
		{F97C6163-B55A-49EA-8CE3-BC2011C61AB4}.Release|Any CPU.Build.0 = Release|Any CPU
		{D7A67C1A-33CD-4624-BC42-31209B5BDACA}.Debug|Any CPU.ActiveCfg = Debug|Any CPU
		{D7A67C1A-33CD-4624-BC42-31209B5BDACA}.Debug|Any CPU.Build.0 = Debug|Any CPU
		{D7A67C1A-33CD-4624-BC42-31209B5BDACA}.Release|Any CPU.ActiveCfg = Release|Any CPU
		{D7A67C1A-33CD-4624-BC42-31209B5BDACA}.Release|Any CPU.Build.0 = Release|Any CPU
<<<<<<< HEAD
<<<<<<< HEAD
=======
>>>>>>> parent of e0c58a0... Merge branch 'master' of https://github.com/bwildeman/TeamRockstarsApplication2
		{DCF68EEE-D340-4530-ADC4-B2C2346EEA56}.Debug|Any CPU.ActiveCfg = Debug|Any CPU
		{DCF68EEE-D340-4530-ADC4-B2C2346EEA56}.Debug|Any CPU.Build.0 = Debug|Any CPU
		{DCF68EEE-D340-4530-ADC4-B2C2346EEA56}.Release|Any CPU.ActiveCfg = Release|Any CPU
		{DCF68EEE-D340-4530-ADC4-B2C2346EEA56}.Release|Any CPU.Build.0 = Release|Any CPU
<<<<<<< HEAD
=======
>>>>>>> parent of 8312520... Merge branch 'master' into F_GroepBeheer
=======
>>>>>>> parent of e0c58a0... Merge branch 'master' of https://github.com/bwildeman/TeamRockstarsApplication2
	EndGlobalSection
	GlobalSection(SolutionProperties) = preSolution
		HideSolutionNode = FALSE
	EndGlobalSection
	GlobalSection(ExtensibilityGlobals) = postSolution
		SolutionGuid = {BC3F9325-3BE8-4F68-B196-1D1DF4C02AD7}
	EndGlobalSection
EndGlobal
